# GLISS macOS wheel build; osx-64
# Explicit conda-forge package URLs and checksums; see ci/macos-wheels.md.
@EXPLICIT
https://conda.anaconda.org/conda-forge/noarch/sdkroot_env_osx-64-15.0-h4e5528e_7.conda#6e149082266a3eb10f2a2be4a9be1a37
https://conda.anaconda.org/conda-forge/noarch/tzdata-2026c-h151e31d_0.conda#fcb489df604d100968b737f2cb6076c6
https://conda.anaconda.org/conda-forge/noarch/libgfortran-devel_osx-64-14.3.0-h660b60f_1.conda#731190552d91ade042ddf897cfb361aa
https://conda.anaconda.org/conda-forge/noarch/ca-certificates-2026.7.22-hbd8a1cb_0.conda#0f51e2391ade309db462a55611263e9c
https://conda.anaconda.org/conda-forge/osx-64/llvm-openmp-23.1.2-h8c1e6b9_0.conda#90d406df3178ddd5180ad32ba3cc5df6
https://conda.anaconda.org/conda-forge/osx-64/libiconv-1.18-h4ae439b_3.conda#9fd2f77288f43e462ccc6b0e5f018c89
https://conda.anaconda.org/conda-forge/osx-64/libcxx-23.1.2-h19cb2f5_0.conda#777bab0f24c6dc33b8a9ec8025653e41
https://conda.anaconda.org/conda-forge/osx-64/ncurses-6.6-hcc0dc9a_1.conda#88a79390f87c8f3334b9999a892e78d4
https://conda.anaconda.org/conda-forge/osx-64/liblzma-5.8.3-hbb4bfdb_1.conda#daf49067580fbfeae3ac7f9535400494
https://conda.anaconda.org/conda-forge/osx-64/libexpat-2.8.5-h6e061ac_0.conda#082b0cec641dcb5bbf71d2aa4b37bfd4
https://conda.anaconda.org/conda-forge/osx-64/libzlib-1.3.2-hbb4bfdb_3.conda#7d3fa28263bb7f8ea32db11f570a5bb6
https://conda.anaconda.org/conda-forge/osx-64/bzip2-1.0.8-h374f1ed_10.conda#9d9a39212a876e4bb751c1cc3927b678
https://conda.anaconda.org/conda-forge/osx-64/libuv-1.52.1-ha3d0635_1.conda#17b0d6c818992264752f1a720be711fc
https://conda.anaconda.org/conda-forge/osx-64/rhash-1.4.6-ha1e9b39_2.conda#773d8a5db899e5db9591c49d93ff8300
https://conda.anaconda.org/conda-forge/osx-64/libev-4.33-ha3d0635_3.conda#6d2f0447151b390bdaed846e143272e3
https://conda.anaconda.org/conda-forge/osx-64/c-ares-1.34.8-had63097_2.conda#925ff9ab74f4b9262a28842766e9e7b1
https://conda.anaconda.org/conda-forge/osx-64/libjpeg-turbo-3.2.0-ha1e9b39_1.conda#c864512172ac7b820637f6731287936c
https://conda.anaconda.org/conda-forge/osx-64/libffi-3.5.2-hd1f9c09_0.conda#66a0dc7464927d0853b590b6f53ba3ea
https://conda.anaconda.org/conda-forge/osx-64/icu-78.3-py313hbf1d544_2.conda#f13f4740c18b562bf2662d494bad6099
https://conda.anaconda.org/conda-forge/osx-64/openssl-3.6.4-h332eb6d_0.conda#7a1b628e987d25df3ac6986d45bb0979
https://conda.anaconda.org/conda-forge/osx-64/_openmp_mutex-4.5-8_kmp_llvm.conda#b9e2e7fcf1926cedbdb216a6974d67e3
https://conda.anaconda.org/conda-forge/osx-64/pkg-config-0.29.2-hbd237c1_1013.conda#8a616d6f516f7a6f893f4f3d706dbfda
https://conda.anaconda.org/conda-forge/osx-64/isl-0.26-imath32_h2e86a7b_101.conda#d06222822a9144918333346f145b68c6
https://conda.anaconda.org/conda-forge/osx-64/gmp-6.3.0-h65442b7_3.conda#a02dd7bb48ecd345060a1203337aaa4a
https://conda.anaconda.org/conda-forge/osx-64/snappy-1.2.2-h3613d57_2.conda#3fec9f4a91676b0aeef7db3b76a6b917
https://conda.anaconda.org/conda-forge/osx-64/lz4-c-1.10.0-hc569e58_2.conda#40a2f8f02e39f9ca56006f35510627f4
https://conda.anaconda.org/conda-forge/osx-64/libaec-1.1.5-he7c3a48_0.conda#975f98248cde8d54884c6d1eb5184e13
https://conda.anaconda.org/conda-forge/osx-64/ninja-1.13.1-h0ba0a54_0.conda#71576ca895305a20c73304fcb581ae1a
https://conda.anaconda.org/conda-forge/osx-64/tapi-1600.0.11.8-h44950e2_4.conda#a70697fe1077cb11e33b11d6f6610314
https://conda.anaconda.org/conda-forge/osx-64/libedit-3.1.20250104-pl5321hba2e2ab_1.conda#17532a8cca2c887fa24fbdcd5336c3af
https://conda.anaconda.org/conda-forge/osx-64/readline-8.3-h000c2f7_1.conda#434eb49340f57827ef7ca3bb21f77c32
https://conda.anaconda.org/conda-forge/osx-64/zlib-1.3.2-hbb4bfdb_3.conda#c67ad1f1d33a7de2dd34e55c01a21eca
https://conda.anaconda.org/conda-forge/osx-64/libsqlite-3.53.4-ha5db789_1.conda#254c302876eacc77a4682b3fa6f72385
https://conda.anaconda.org/conda-forge/osx-64/zstd-1.5.7-hbc1a06c_7.conda#c1d11f04327e40537ffe6cad5b131019
https://conda.anaconda.org/conda-forge/osx-64/tk-8.6.13-ha6c374e_4.conda#71c9f1f0267f2639523e898c6b50a4dc
https://conda.anaconda.org/conda-forge/osx-64/hdf4-4.2.15-h8138101_7.conda#7ce543bf38dbfae0de9af112ee178af2
https://conda.anaconda.org/conda-forge/osx-64/libxml2-16-2.15.4-h8376fb4_0.conda#c48784f5a83259699d2f8527acb1e243
https://conda.anaconda.org/conda-forge/osx-64/libpsl-0.23.1-h7ff43d8_1.conda#4cd9cae1ac1aa63d8f760fe127b42685
https://conda.anaconda.org/conda-forge/osx-64/libsigtool-0.1.3-h8c25ef7_1.conda#acc366a7706c83b5364f5f81e1b4857b
https://conda.anaconda.org/conda-forge/osx-64/libssh2-1.11.1-hd53bb72_1.conda#cb57b979974ef5b8a4526a8e5c8195b9
https://conda.anaconda.org/conda-forge/osx-64/libnghttp2-1.68.1-h1e30255_1.conda#b7c605bed8006cdeb822dd7de6ac87c7
https://conda.anaconda.org/conda-forge/osx-64/libzip-1.11.4-h99362d9_0.conda#f9fc709ccd3af1a52db801d293d5119b
https://conda.anaconda.org/conda-forge/osx-64/libgcc-16.2.0-h13771c8_7.conda#80bbe7ebcdfa9cd4507383087c1e5959
https://conda.anaconda.org/conda-forge/osx-64/mpfr-4.2.2-ha50206a_1.conda#2802f4931f5e087cc2b5b7e443acb121
https://conda.anaconda.org/conda-forge/osx-64/krb5-1.22.2-h69064fd_2.conda#da54bd0f3b96eb0d7663b3db01862a19
https://conda.anaconda.org/conda-forge/osx-64/blosc-1.21.6-hd145fbb_1.conda#717852102c68a082992ce13a53403f9d
https://conda.anaconda.org/conda-forge/osx-64/python-3.11.14-h74c2667_3_cpython.conda#df79e5958af70212260d5e163e867d98
https://conda.anaconda.org/conda-forge/osx-64/libxml2-2.15.4-hb56241c_0.conda#ce466c8ae878f5514f2beca676520001
https://conda.anaconda.org/conda-forge/osx-64/sigtool-codesign-0.1.3-h8c25ef7_1.conda#e7eb95a1f841fbbb8312dcd65963334f
https://conda.anaconda.org/conda-forge/osx-64/libgfortran5-16.2.0-h2539e6c_7.conda#28e49e55dd8fd418e95b14ba1d2cd884
https://conda.anaconda.org/conda-forge/osx-64/mpc-1.4.0-ha50206a_1.conda#a5615280f1c0306a17400f524587707a
https://conda.anaconda.org/conda-forge/osx-64/libcurl-8.22.0-h5318221_0.conda#0ba721f8549bac02c48fc646fffe0c4d
https://conda.anaconda.org/conda-forge/osx-64/libllvm19-19.1.7-h56e7563_2.conda#05a54b479099676e75f80ad0ddd38eff
https://conda.anaconda.org/conda-forge/osx-64/libgfortran-16.2.0-h7e5c614_7.conda#efff7b31ffdf1b64c2c4a8b5f89e9fc0
https://conda.anaconda.org/conda-forge/osx-64/cmake-4.1.2-h29fc008_0.conda#c8be0586640806d35e10ce7b95b74c9a
https://conda.anaconda.org/conda-forge/osx-64/ld64_osx-64-956.6-llvm19_1_hf4e8e46_5.conda#990f5a32daf6aafb6a6e5abedced0e3c
https://conda.anaconda.org/conda-forge/osx-64/llvm-tools-19-19.1.7-h879f4bc_2.conda#bf644c6f69854656aa02d1520175840e
https://conda.anaconda.org/conda-forge/osx-64/libclang-cpp19.1-19.1.7-default_hc369343_5.conda#51c684dbc10be31478e7fc0e85d27bfe
https://conda.anaconda.org/conda-forge/osx-64/hdf5-1.14.6-nompi_h13accda_110.conda#8fa7c7e9a3c1b57a37bc03f0183aaf17
https://conda.anaconda.org/conda-forge/osx-64/libopenblas-0.3.30-openmp_h6006d49_4.conda#9241a65e6e9605e4581a2a8005d7f789
https://conda.anaconda.org/conda-forge/osx-64/llvm-tools-19.1.7-hb0207f0_2.conda#0f79b23c03d80f22ce4fe0022d12f6d2
https://conda.anaconda.org/conda-forge/osx-64/clang-19-19.1.7-default_hc369343_5.conda#b37d33a750251c79214c812eca726241
https://conda.anaconda.org/conda-forge/osx-64/libnetcdf-4.9.3-nompi_h29b767a_104.conda#6515420f8cc50150e846b779ad1b3f8b
https://conda.anaconda.org/conda-forge/osx-64/openblas-0.3.30-openmp_h30af337_4.conda#7cb399c1f4bb0cf35a5fff64a9733f1e
https://conda.anaconda.org/conda-forge/osx-64/cctools_impl_osx-64-1030.6.3-llvm19_1_h6ae9dcd_5.conda#00aaea0167ed659ade53f685dfe487d1
https://conda.anaconda.org/conda-forge/osx-64/clang-19.1.7-default_h1323312_5.conda#5bd21a5ea37ab0fbe1d9cbba4e0e7c80
https://conda.anaconda.org/conda-forge/osx-64/cctools_osx-64-1030.6.3-llvm19_1_h67a6458_5.conda#d5b54a2fdebb1367256de3b341f7e29a
https://conda.anaconda.org/conda-forge/osx-64/gfortran_impl_osx-64-14.3.0-h94fe04d_1.conda#1a81d1a0cb7f241144d9f10e55a66379
https://conda.anaconda.org/conda-forge/noarch/packaging-26.3-pyhc364b38_0.conda#936687ed80f295a1f5dbcf8bd34c252c
https://conda.anaconda.org/conda-forge/noarch/setuptools-84.0.0-pyh332efcf_0.conda#62ac906f1cd582c6c264c95625cb9d6f
https://conda.anaconda.org/conda-forge/noarch/compiler-rt_osx-64-19.1.7-h138dee1_1.conda#32deecb68e11352deaa3235b709ddab2
https://conda.anaconda.org/conda-forge/noarch/wheel-0.48.0-pyhd8ed1ab_0.conda#9a2124517bfd5d792e0f7b86eefdfeb8
https://conda.anaconda.org/conda-forge/noarch/pip-26.2.1-pyh8b19718_0.conda#77b6cf3b0689d9fc68561df0db9b856d
https://conda.anaconda.org/conda-forge/osx-64/compiler-rt-19.1.7-he914875_1.conda#e6b9e71e5cb08f9ed0185d31d33a074b
https://conda.anaconda.org/conda-forge/osx-64/clang_impl_osx-64-19.1.7-hc73cdc9_28.conda#11b55abbdae1166253b57800d267e748
https://conda.anaconda.org/conda-forge/osx-64/clang_osx-64-19.1.7-h8a78ed7_34.conda#b6aa013be9df08b66252835546024e8e
https://conda.anaconda.org/conda-forge/osx-64/gfortran_osx-64-14.3.0-h3223c34_0.conda#979b3c36c57d31e1112fa1b1aec28e02
